// !$*UTF8*$!
{
	archiveVersion = 1;
	classes = {
	};
	objectVersion = 50;
	objects = {

/* Begin PBXBuildFile section */
		4B3B7087217EBEE100AF06F5 /* ScanCodeViewController.swift in Sources */ = {isa = PBXBuildFile; fileRef = 4B3B7086217EBEE100AF06F5 /* ScanCodeViewController.swift */; };
		4B3B7089217EC17700AF06F5 /* CreateQRCodeViewController.swift in Sources */ = {isa = PBXBuildFile; fileRef = 4B3B7088217EC17700AF06F5 /* CreateQRCodeViewController.swift */; };
		4B6C4C1B213A60FF0001E319 /* AppDelegate.swift in Sources */ = {isa = PBXBuildFile; fileRef = 4B6C4C1A213A60FF0001E319 /* AppDelegate.swift */; };
		4B6C4C1D213A60FF0001E319 /* ViewController.swift in Sources */ = {isa = PBXBuildFile; fileRef = 4B6C4C1C213A60FF0001E319 /* ViewController.swift */; };
		4B6C4C20213A60FF0001E319 /* Main.storyboard in Resources */ = {isa = PBXBuildFile; fileRef = 4B6C4C1E213A60FF0001E319 /* Main.storyboard */; };
		4B6C4C22213A61010001E319 /* Assets.xcassets in Resources */ = {isa = PBXBuildFile; fileRef = 4B6C4C21213A61010001E319 /* Assets.xcassets */; };
		4B6C4C25213A61010001E319 /* LaunchScreen.storyboard in Resources */ = {isa = PBXBuildFile; fileRef = 4B6C4C23213A61010001E319 /* LaunchScreen.storyboard */; };
		4B6C4C30213A61010001E319 /* NativeScanDemoTests.swift in Sources */ = {isa = PBXBuildFile; fileRef = 4B6C4C2F213A61010001E319 /* NativeScanDemoTests.swift */; };
		4B6C4C3B213A61010001E319 /* NativeScanDemoUITests.swift in Sources */ = {isa = PBXBuildFile; fileRef = 4B6C4C3A213A61010001E319 /* NativeScanDemoUITests.swift */; };
/* End PBXBuildFile section */

/* Begin PBXContainerItemProxy section */
		4B6C4C2C213A61010001E319 /* PBXContainerItemProxy */ = {
			isa = PBXContainerItemProxy;
			containerPortal = 4B6C4C0F213A60FF0001E319 /* Project object */;
			proxyType = 1;
			remoteGlobalIDString = 4B6C4C16213A60FF0001E319;
			remoteInfo = NativeScanDemo;
		};
		4B6C4C37213A61010001E319 /* PBXContainerItemProxy */ = {
			isa = PBXContainerItemProxy;
			containerPortal = 4B6C4C0F213A60FF0001E319 /* Project object */;
			proxyType = 1;
			remoteGlobalIDString = 4B6C4C16213A60FF0001E319;
			remoteInfo = NativeScanDemo;
		};
/* End PBXContainerItemProxy section */

/* Begin PBXFileReference section */
		4B3B7086217EBEE100AF06F5 /* ScanCodeViewController.swift */ = {isa = PBXFileReference; lastKnownFileType = sourcecode.swift; path = ScanCodeViewController.swift; sourceTree = "<group>"; };
		4B3B7088217EC17700AF06F5 /* CreateQRCodeViewController.swift */ = {isa = PBXFileReference; lastKnownFileType = sourcecode.swift; path = CreateQRCodeViewController.swift; sourceTree = "<group>"; };
		4B6C4C17213A60FF0001E319 /* NativeScanDemo.app */ = {isa = PBXFileReference; explicitFileType = wrapper.application; includeInIndex = 0; path = NativeScanDemo.app; sourceTree = BUILT_PRODUCTS_DIR; };
		4B6C4C1A213A60FF0001E319 /* AppDelegate.swift */ = {isa = PBXFileReference; lastKnownFileType = sourcecode.swift; path = AppDelegate.swift; sourceTree = "<group>"; };
		4B6C4C1C213A60FF0001E319 /* ViewController.swift */ = {isa = PBXFileReference; lastKnownFileType = sourcecode.swift; path = ViewController.swift; sourceTree = "<group>"; };
		4B6C4C1F213A60FF0001E319 /* Base */ = {isa = PBXFileReference; lastKnownFileType = file.storyboard; name = Base; path = Base.lproj/Main.storyboard; sourceTree = "<group>"; };
		4B6C4C21213A61010001E319 /* Assets.xcassets */ = {isa = PBXFileReference; lastKnownFileType = folder.assetcatalog; path = Assets.xcassets; sourceTree = "<group>"; };
		4B6C4C24213A61010001E319 /* Base */ = {isa = PBXFileReference; lastKnownFileType = file.storyboard; name = Base; path = Base.lproj/LaunchScreen.storyboard; sourceTree = "<group>"; };
		4B6C4C26213A61010001E319 /* Info.plist */ = {isa = PBXFileReference; lastKnownFileType = text.plist.xml; path = Info.plist; sourceTree = "<group>"; };
		4B6C4C2B213A61010001E319 /* NativeScanDemoTests.xctest */ = {isa = PBXFileReference; explicitFileType = wrapper.cfbundle; includeInIndex = 0; path = NativeScanDemoTests.xctest; sourceTree = BUILT_PRODUCTS_DIR; };
		4B6C4C2F213A61010001E319 /* NativeScanDemoTests.swift */ = {isa = PBXFileReference; lastKnownFileType = sourcecode.swift; path = NativeScanDemoTests.swift; sourceTree = "<group>"; };
		4B6C4C31213A61010001E319 /* Info.plist */ = {isa = PBXFileReference; lastKnownFileType = text.plist.xml; path = Info.plist; sourceTree = "<group>"; };
		4B6C4C36213A61010001E319 /* NativeScanDemoUITests.xctest */ = {isa = PBXFileReference; explicitFileType = wrapper.cfbundle; includeInIndex = 0; path = NativeScanDemoUITests.xctest; sourceTree = BUILT_PRODUCTS_DIR; };
		4B6C4C3A213A61010001E319 /* NativeScanDemoUITests.swift */ = {isa = PBXFileReference; lastKnownFileType = sourcecode.swift; path = NativeScanDemoUITests.swift; sourceTree = "<group>"; };
		4B6C4C3C213A61010001E319 /* Info.plist */ = {isa = PBXFileReference; lastKnownFileType = text.plist.xml; path = Info.plist; sourceTree = "<group>"; };
/* End PBXFileReference section */

/* Begin PBXFrameworksBuildPhase section */
		4B6C4C14213A60FF0001E319 /* Frameworks */ = {
			isa = PBXFrameworksBuildPhase;
			buildActionMask = 2147483647;
			files = (
			);
			runOnlyForDeploymentPostprocessing = 0;
		};
		4B6C4C28213A61010001E319 /* Frameworks */ = {
			isa = PBXFrameworksBuildPhase;
			buildActionMask = 2147483647;
			files = (
			);
			runOnlyForDeploymentPostprocessing = 0;
		};
		4B6C4C33213A61010001E319 /* Frameworks */ = {
			isa = PBXFrameworksBuildPhase;
			buildActionMask = 2147483647;
			files = (
			);
			runOnlyForDeploymentPostprocessing = 0;
		};
/* End PBXFrameworksBuildPhase section */

/* Begin PBXGroup section */
		4B6C4C0E213A60FF0001E319 = {
			isa = PBXGroup;
			children = (
				4B6C4C19213A60FF0001E319 /* NativeScanDemo */,
				4B6C4C2E213A61010001E319 /* NativeScanDemoTests */,
				4B6C4C39213A61010001E319 /* NativeScanDemoUITests */,
				4B6C4C18213A60FF0001E319 /* Products */,
			);
			sourceTree = "<group>";
		};
		4B6C4C18213A60FF0001E319 /* Products */ = {
			isa = PBXGroup;
			children = (
				4B6C4C17213A60FF0001E319 /* NativeScanDemo.app */,
				4B6C4C2B213A61010001E319 /* NativeScanDemoTests.xctest */,
				4B6C4C36213A61010001E319 /* NativeScanDemoUITests.xctest */,
			);
			name = Products;
			sourceTree = "<group>";
		};
		4B6C4C19213A60FF0001E319 /* NativeScanDemo */ = {
			isa = PBXGroup;
			children = (
				4B6C4C1A213A60FF0001E319 /* AppDelegate.swift */,
				4B6C4C1C213A60FF0001E319 /* ViewController.swift */,
				4B3B7086217EBEE100AF06F5 /* ScanCodeViewController.swift */,
				4B3B7088217EC17700AF06F5 /* CreateQRCodeViewController.swift */,
				4B6C4C1E213A60FF0001E319 /* Main.storyboard */,
				4B6C4C21213A61010001E319 /* Assets.xcassets */,
				4B6C4C23213A61010001E319 /* LaunchScreen.storyboard */,
				4B6C4C26213A61010001E319 /* Info.plist */,
			);
			path = NativeScanDemo;
			sourceTree = "<group>";
		};
		4B6C4C2E213A61010001E319 /* NativeScanDemoTests */ = {
			isa = PBXGroup;
			children = (
				4B6C4C2F213A61010001E319 /* NativeScanDemoTests.swift */,
				4B6C4C31213A61010001E319 /* Info.plist */,
			);
			path = NativeScanDemoTests;
			sourceTree = "<group>";
		};
		4B6C4C39213A61010001E319 /* NativeScanDemoUITests */ = {
			isa = PBXGroup;
			children = (
				4B6C4C3A213A61010001E319 /* NativeScanDemoUITests.swift */,
				4B6C4C3C213A61010001E319 /* Info.plist */,
			);
			path = NativeScanDemoUITests;
			sourceTree = "<group>";
		};
/* End PBXGroup section */

/* Begin PBXNativeTarget section */
		4B6C4C16213A60FF0001E319 /* NativeScanDemo */ = {
			isa = PBXNativeTarget;
			buildConfigurationList = 4B6C4C3F213A61010001E319 /* Build configuration list for PBXNativeTarget "NativeScanDemo" */;
			buildPhases = (
				4B6C4C13213A60FF0001E319 /* Sources */,
				4B6C4C14213A60FF0001E319 /* Frameworks */,
				4B6C4C15213A60FF0001E319 /* Resources */,
			);
			buildRules = (
			);
			dependencies = (
			);
			name = NativeScanDemo;
			productName = NativeScanDemo;
			productReference = 4B6C4C17213A60FF0001E319 /* NativeScanDemo.app */;
			productType = "com.apple.product-type.application";
		};
		4B6C4C2A213A61010001E319 /* NativeScanDemoTests */ = {
			isa = PBXNativeTarget;
			buildConfigurationList = 4B6C4C42213A61010001E319 /* Build configuration list for PBXNativeTarget "NativeScanDemoTests" */;
			buildPhases = (
				4B6C4C27213A61010001E319 /* Sources */,
				4B6C4C28213A61010001E319 /* Frameworks */,
				4B6C4C29213A61010001E319 /* Resources */,
			);
			buildRules = (
			);
			dependencies = (
				4B6C4C2D213A61010001E319 /* PBXTargetDependency */,
			);
			name = NativeScanDemoTests;
			productName = NativeScanDemoTests;
			productReference = 4B6C4C2B213A61010001E319 /* NativeScanDemoTests.xctest */;
			productType = "com.apple.product-type.bundle.unit-test";
		};
		4B6C4C35213A61010001E319 /* NativeScanDemoUITests */ = {
			isa = PBXNativeTarget;
			buildConfigurationList = 4B6C4C45213A61010001E319 /* Build configuration list for PBXNativeTarget "NativeScanDemoUITests" */;
			buildPhases = (
				4B6C4C32213A61010001E319 /* Sources */,
				4B6C4C33213A61010001E319 /* Frameworks */,
				4B6C4C34213A61010001E319 /* Resources */,
			);
			buildRules = (
			);
			dependencies = (
				4B6C4C38213A61010001E319 /* PBXTargetDependency */,
			);
			name = NativeScanDemoUITests;
			productName = NativeScanDemoUITests;
			productReference = 4B6C4C36213A61010001E319 /* NativeScanDemoUITests.xctest */;
			productType = "com.apple.product-type.bundle.ui-testing";
		};
/* End PBXNativeTarget section */

/* Begin PBXProject section */
		4B6C4C0F213A60FF0001E319 /* Project object */ = {
			isa = PBXProject;
			attributes = {
				LastSwiftUpdateCheck = 0940;
				LastUpgradeCheck = 0940;
				ORGANIZATIONNAME = WLX;
				TargetAttributes = {
					4B6C4C16213A60FF0001E319 = {
						CreatedOnToolsVersion = 9.4.1;
					};
					4B6C4C2A213A61010001E319 = {
						CreatedOnToolsVersion = 9.4.1;
						TestTargetID = 4B6C4C16213A60FF0001E319;
					};
					4B6C4C35213A61010001E319 = {
						CreatedOnToolsVersion = 9.4.1;
						TestTargetID = 4B6C4C16213A60FF0001E319;
					};
				};
			};
			buildConfigurationList = 4B6C4C12213A60FF0001E319 /* Build configuration list for PBXProject "NativeScanDemo" */;
			compatibilityVersion = "Xcode 9.3";
			developmentRegion = en;
			hasScannedForEncodings = 0;
			knownRegions = (
				en,
				Base,
			);
			mainGroup = 4B6C4C0E213A60FF0001E319;
			productRefGroup = 4B6C4C18213A60FF0001E319 /* Products */;
			projectDirPath = "";
			projectRoot = "";
			targets = (
				4B6C4C16213A60FF0001E319 /* NativeScanDemo */,
				4B6C4C2A213A61010001E319 /* NativeScanDemoTests */,
				4B6C4C35213A61010001E319 /* NativeScanDemoUITests */,
			);
		};
/* End PBXProject section */

/* Begin PBXResourcesBuildPhase section */
		4B6C4C15213A60FF0001E319 /* Resources */ = {
			isa = PBXResourcesBuildPhase;
			buildActionMask = 2147483647;
			files = (
				4B6C4C25213A61010001E319 /* LaunchScreen.storyboard in Resources */,
				4B6C4C22213A61010001E319 /* Assets.xcassets in Resources */,
				4B6C4C20213A60FF0001E319 /* Main.storyboard in Resources */,
			);
			runOnlyForDeploymentPostprocessing = 0;
		};
		4B6C4C29213A61010001E319 /* Resources */ = {
			isa = PBXResourcesBuildPhase;
			buildActionMask = 2147483647;
			files = (
			);
			runOnlyForDeploymentPostprocessing = 0;
		};
		4B6C4C34213A61010001E319 /* Resources */ = {
			isa = PBXResourcesBuildPhase;
			buildActionMask = 2147483647;
			files = (
			);
			runOnlyForDeploymentPostprocessing = 0;
		};
/* End PBXResourcesBuildPhase section */

/* Begin PBXSourcesBuildPhase section */
		4B6C4C13213A60FF0001E319 /* Sources */ = {
			isa = PBXSourcesBuildPhase;
			buildActionMask = 2147483647;
			files = (
				4B3B7089217EC17700AF06F5 /* CreateQRCodeViewController.swift in Sources */,
				4B3B7087217EBEE100AF06F5 /* ScanCodeViewController.swift in Sources */,
				4B6C4C1D213A60FF0001E319 /* ViewController.swift in Sources */,
				4B6C4C1B213A60FF0001E319 /* AppDelegate.swift in Sources */,
			);
			runOnlyForDeploymentPostprocessing = 0;
		};
		4B6C4C27213A61010001E319 /* Sources */ = {
			isa = PBXSourcesBuildPhase;
			buildActionMask = 2147483647;
			files = (
				4B6C4C30213A61010001E319 /* NativeScanDemoTests.swift in Sources */,
			);
			runOnlyForDeploymentPostprocessing = 0;
		};
		4B6C4C32213A61010001E319 /* Sources */ = {
			isa = PBXSourcesBuildPhase;
			buildActionMask = 2147483647;
			files = (
				4B6C4C3B213A61010001E319 /* NativeScanDemoUITests.swift in Sources */,
			);
			runOnlyForDeploymentPostprocessing = 0;
		};
/* End PBXSourcesBuildPhase section */

/* Begin PBXTargetDependency section */
		4B6C4C2D213A61010001E319 /* PBXTargetDependency */ = {
			isa = PBXTargetDependency;
			target = 4B6C4C16213A60FF0001E319 /* NativeScanDemo */;
			targetProxy = 4B6C4C2C213A61010001E319 /* PBXContainerItemProxy */;
		};
		4B6C4C38213A61010001E319 /* PBXTargetDependency */ = {
			isa = PBXTargetDependency;
			target = 4B6C4C16213A60FF0001E319 /* NativeScanDemo */;
			targetProxy = 4B6C4C37213A61010001E319 /* PBXContainerItemProxy */;
		};
/* End PBXTargetDependency section */

/* Begin PBXVariantGroup section */
		4B6C4C1E213A60FF0001E319 /* Main.storyboard */ = {
			isa = PBXVariantGroup;
			children = (
				4B6C4C1F213A60FF0001E319 /* Base */,
			);
			name = Main.storyboard;
			sourceTree = "<group>";
		};
		4B6C4C23213A61010001E319 /* LaunchScreen.storyboard */ = {
			isa = PBXVariantGroup;
			children = (
				4B6C4C24213A61010001E319 /* Base */,
			);
			name = LaunchScreen.storyboard;
			sourceTree = "<group>";
		};
/* End PBXVariantGroup section */

/* Begin XCBuildConfiguration section */
		4B6C4C3D213A61010001E319 /* Debug */ = {
			isa = XCBuildConfiguration;
			buildSettings = {
				ALWAYS_SEARCH_USER_PATHS = NO;
				CLANG_ANALYZER_NONNULL = YES;
				CLANG_ANALYZER_NUMBER_OBJECT_CONVERSION = YES_AGGRESSIVE;
				CLANG_CXX_LANGUAGE_STANDARD = "gnu++14";
				CLANG_CXX_LIBRARY = "libc++";
				CLANG_ENABLE_MODULES = YES;
				CLANG_ENABLE_OBJC_ARC = YES;
				CLANG_ENABLE_OBJC_WEAK = YES;
				CLANG_WARN_BLOCK_CAPTURE_AUTORELEASING = YES;
				CLANG_WARN_BOOL_CONVERSION = YES;
				CLANG_WARN_COMMA = YES;
				CLANG_WARN_CONSTANT_CONVERSION = YES;
				CLANG_WARN_DEPRECATED_OBJC_IMPLEMENTATIONS = YES;
				CLANG_WARN_DIRECT_OBJC_ISA_USAGE = YES_ERROR;
				CLANG_WARN_DOCUMENTATION_COMMENTS = YES;
				CLANG_WARN_EMPTY_BODY = YES;
				CLANG_WARN_ENUM_CONVERSION = YES;
				CLANG_WARN_INFINITE_RECURSION = YES;
				CLANG_WARN_INT_CONVERSION = YES;
				CLANG_WARN_NON_LITERAL_NULL_CONVERSION = YES;
				CLANG_WARN_OBJC_IMPLICIT_RETAIN_SELF = YES;
				CLANG_WARN_OBJC_LITERAL_CONVERSION = YES;
				CLANG_WARN_OBJC_ROOT_CLASS = YES_ERROR;
				CLANG_WARN_RANGE_LOOP_ANALYSIS = YES;
				CLANG_WARN_STRICT_PROTOTYPES = YES;
				CLANG_WARN_SUSPICIOUS_MOVE = YES;
				CLANG_WARN_UNGUARDED_AVAILABILITY = YES_AGGRESSIVE;
				CLANG_WARN_UNREACHABLE_CODE = YES;
				CLANG_WARN__DUPLICATE_METHOD_MATCH = YES;
				CODE_SIGN_IDENTITY = "iPhone Developer";
				COPY_PHASE_STRIP = NO;
				DEBUG_INFORMATION_FORMAT = dwarf;
				ENABLE_STRICT_OBJC_MSGSEND = YES;
				ENABLE_TESTABILITY = YES;
				GCC_C_LANGUAGE_STANDARD = gnu11;
				GCC_DYNAMIC_NO_PIC = NO;
				GCC_NO_COMMON_BLOCKS = YES;
				GCC_OPTIMIZATION_LEVEL = 0;
				GCC_PREPROCESSOR_DEFINITIONS = (
					"DEBUG=1",
					"$(inherited)",
				);
				GCC_WARN_64_TO_32_BIT_CONVERSION = YES;
				GCC_WARN_ABOUT_RETURN_TYPE = YES_ERROR;
				GCC_WARN_UNDECLARED_SELECTOR = YES;
				GCC_WARN_UNINITIALIZED_AUTOS = YES_AGGRESSIVE;
				GCC_WARN_UNUSED_FUNCTION = YES;
				GCC_WARN_UNUSED_VARIABLE = YES;
				IPHONEOS_DEPLOYMENT_TARGET = 11.4;
				MTL_ENABLE_DEBUG_INFO = YES;
				ONLY_ACTIVE_ARCH = YES;
				SDKROOT = iphoneos;
				SWIFT_ACTIVE_COMPILATION_CONDITIONS = DEBUG;
				SWIFT_OPTIMIZATION_LEVEL = "-Onone";
			};
			name = Debug;
		};
		4B6C4C3E213A61010001E319 /* Release */ = {
			isa = XCBuildConfiguration;
			buildSettings = {
				ALWAYS_SEARCH_USER_PATHS = NO;
				CLANG_ANALYZER_NONNULL = YES;
				CLANG_ANALYZER_NUMBER_OBJECT_CONVERSION = YES_AGGRESSIVE;
				CLANG_CXX_LANGUAGE_STANDARD = "gnu++14";
				CLANG_CXX_LIBRARY = "libc++";
				CLANG_ENABLE_MODULES = YES;
				CLANG_ENABLE_OBJC_ARC = YES;
				CLANG_ENABLE_OBJC_WEAK = YES;
				CLANG_WARN_BLOCK_CAPTURE_AUTORELEASING = YES;
				CLANG_WARN_BOOL_CONVERSION = YES;
				CLANG_WARN_COMMA = YES;
				CLANG_WARN_CONSTANT_CONVERSION = YES;
				CLANG_WARN_DEPRECATED_OBJC_IMPLEMENTATIONS = YES;
				CLANG_WARN_DIRECT_OBJC_ISA_USAGE = YES_ERROR;
				CLANG_WARN_DOCUMENTATION_COMMENTS = YES;
				CLANG_WARN_EMPTY_BODY = YES;
				CLANG_WARN_ENUM_CONVERSION = YES;
				CLANG_WARN_INFINITE_RECURSION = YES;
				CLANG_WARN_INT_CONVERSION = YES;
				CLANG_WARN_NON_LITERAL_NULL_CONVERSION = YES;
				CLANG_WARN_OBJC_IMPLICIT_RETAIN_SELF = YES;
				CLANG_WARN_OBJC_LITERAL_CONVERSION = YES;
				CLANG_WARN_OBJC_ROOT_CLASS = YES_ERROR;
				CLANG_WARN_RANGE_LOOP_ANALYSIS = YES;
				CLANG_WARN_STRICT_PROTOTYPES = YES;
				CLANG_WARN_SUSPICIOUS_MOVE = YES;
				CLANG_WARN_UNGUARDED_AVAILABILITY = YES_AGGRESSIVE;
				CLANG_WARN_UNREACHABLE_CODE = YES;
				CLANG_WARN__DUPLICATE_METHOD_MATCH = YES;
				CODE_SIGN_IDENTITY = "iPhone Developer";
				COPY_PHASE_STRIP = NO;
				DEBUG_INFORMATION_FORMAT = "dwarf-with-dsym";
				ENABLE_NS_ASSERTIONS = NO;
				ENABLE_STRICT_OBJC_MSGSEND = YES;
				GCC_C_LANGUAGE_STANDARD = gnu11;
				GCC_NO_COMMON_BLOCKS = YES;
				GCC_WARN_64_TO_32_BIT_CONVERSION = YES;
				GCC_WARN_ABOUT_RETURN_TYPE = YES_ERROR;
				GCC_WARN_UNDECLARED_SELECTOR = YES;
				GCC_WARN_UNINITIALIZED_AUTOS = YES_AGGRESSIVE;
				GCC_WARN_UNUSED_FUNCTION = YES;
				GCC_WARN_UNUSED_VARIABLE = YES;
				IPHONEOS_DEPLOYMENT_TARGET = 11.4;
				MTL_ENABLE_DEBUG_INFO = NO;
				SDKROOT = iphoneos;
				SWIFT_COMPILATION_MODE = wholemodule;
				SWIFT_OPTIMIZATION_LEVEL = "-O";
				VALIDATE_PRODUCT = YES;
			};
			name = Release;
		};
		4B6C4C40213A61010001E319 /* Debug */ = {
			isa = XCBuildConfiguration;
			buildSettings = {
				ASSETCATALOG_COMPILER_APPICON_NAME = AppIcon;
				CODE_SIGN_STYLE = Automatic;
				DEVELOPMENT_TEAM = P4A2EYSF4W;
				INFOPLIST_FILE = NativeScanDemo/Info.plist;
				LD_RUNPATH_SEARCH_PATHS = (
					"$(inherited)",
					"@executable_path/Frameworks",
				);
				PRODUCT_BUNDLE_IDENTIFIER = com.2018.NativeScanDemo;
				PRODUCT_NAME = "$(TARGET_NAME)";
				SWIFT_VERSION = 4.0;
				TARGETED_DEVICE_FAMILY = "1,2";
			};
			name = Debug;
		};
		4B6C4C41213A61010001E319 /* Release */ = {
			isa = XCBuildConfiguration;
			buildSettings = {
				ASSETCATALOG_COMPILER_APPICON_NAME = AppIcon;
				CODE_SIGN_STYLE = Automatic;
				DEVELOPMENT_TEAM = P4A2EYSF4W;
				INFOPLIST_FILE = NativeScanDemo/Info.plist;
				LD_RUNPATH_SEARCH_PATHS = (
					"$(inherited)",
					"@executable_path/Frameworks",
				);
				PRODUCT_BUNDLE_IDENTIFIER = com.2018.NativeScanDemo;
				PRODUCT_NAME = "$(TARGET_NAME)";
				SWIFT_VERSION = 4.0;
				TARGETED_DEVICE_FAMILY = "1,2";
			};
			name = Release;
		};
		4B6C4C43213A61010001E319 /* Debug */ = {
			isa = XCBuildConfiguration;
			buildSettings = {
				ALWAYS_EMBED_SWIFT_STANDARD_LIBRARIES = YES;
				BUNDLE_LOADER = "$(TEST_HOST)";
				CODE_SIGN_STYLE = Automatic;
				DEVELOPMENT_TEAM = P4A2EYSF4W;
				INFOPLIST_FILE = NativeScanDemoTests/Info.plist;
				LD_RUNPATH_SEARCH_PATHS = (
					"$(inherited)",
					"@executable_path/Frameworks",
					"@loader_path/Frameworks",
				);
				PRODUCT_BUNDLE_IDENTIFIER = com.2018.NativeScanDemoTests;
				PRODUCT_NAME = "$(TARGET_NAME)";
				SWIFT_VERSION = 4.0;
				TARGETED_DEVICE_FAMILY = "1,2";
				TEST_HOST = "$(BUILT_PRODUCTS_DIR)/NativeScanDemo.app/NativeScanDemo";
			};
			name = Debug;
		};
		4B6C4C44213A61010001E319 /* Release */ = {
			isa = XCBuildConfiguration;
			buildSettings = {
				ALWAYS_EMBED_SWIFT_STANDARD_LIBRARIES = YES;
				BUNDLE_LOADER = "$(TEST_HOST)";
				CODE_SIGN_STYLE = Automatic;
				DEVELOPMENT_TEAM = P4A2EYSF4W;
				INFOPLIST_FILE = NativeScanDemoTests/Info.plist;
				LD_RUNPATH_SEARCH_PATHS = (
					"$(inherited)",
					"@executable_path/Frameworks",
					"@loader_path/Frameworks",
				);
				PRODUCT_BUNDLE_IDENTIFIER = com.2018.NativeScanDemoTests;
				PRODUCT_NAME = "$(TARGET_NAME)";
				SWIFT_VERSION = 4.0;
				TARGETED_DEVICE_FAMILY = "1,2";
				TEST_HOST = "$(BUILT_PRODUCTS_DIR)/NativeScanDemo.app/NativeScanDemo";
			};
			name = Release;
		};
		4B6C4C46213A61010001E319 /* Debug */ = {
			isa = XCBuildConfiguration;
			buildSettings = {
				ALWAYS_EMBED_SWIFT_STANDARD_LIBRARIES = YES;
				CODE_SIGN_STYLE = Automatic;
				DEVELOPMENT_TEAM = P4A2EYSF4W;
				INFOPLIST_FILE = NativeScanDemoUITests/Info.plist;
				LD_RUNPATH_SEARCH_PATHS = (
					"$(inherited)",
					"@executable_path/Frameworks",
					"@loader_path/Frameworks",
				);
				PRODUCT_BUNDLE_IDENTIFIER = com.2018.NativeScanDemoUITests;
				PRODUCT_NAME = "$(TARGET_NAME)";
				SWIFT_VERSION = 4.0;
				TARGETED_DEVICE_FAMILY = "1,2";
				TEST_TARGET_NAME = NativeScanDemo;
			};
			name = Debug;
		};
		4B6C4C47213A61010001E319 /* Release */ = {
			isa = XCBuildConfiguration;
			buildSettings = {
				ALWAYS_EMBED_SWIFT_STANDARD_LIBRARIES = YES;
				CODE_SIGN_STYLE = Automatic;
				DEVELOPMENT_TEAM = P4A2EYSF4W;
				INFOPLIST_FILE = NativeScanDemoUITests/Info.plist;
				LD_RUNPATH_SEARCH_PATHS = (
					"$(inherited)",
					"@executable_path/Frameworks",
					"@loader_path/Frameworks",
				);
				PRODUCT_BUNDLE_IDENTIFIER = com.2018.NativeScanDemoUITests;
				PRODUCT_NAME = "$(TARGET_NAME)";
				SWIFT_VERSION = 4.0;
				TARGETED_DEVICE_FAMILY = "1,2";
				TEST_TARGET_NAME = NativeScanDemo;
			};
			name = Release;
		};
/* End XCBuildConfiguration section */

/* Begin XCConfigurationList section */
		4B6C4C12213A60FF0001E319 /* Build configuration list for PBXProject "NativeScanDemo" */ = {
			isa = XCConfigurationList;
			buildConfigurations = (
				4B6C4C3D213A61010001E319 /* Debug */,
				4B6C4C3E213A61010001E319 /* Release */,
			);
			defaultConfigurationIsVisible = 0;
			defaultConfigurationName = Release;
		};
		4B6C4C3F213A61010001E319 /* Build configuration list for PBXNativeTarget "NativeScanDemo" */ = {
			isa = XCConfigurationList;
			buildConfigurations = (
				4B6C4C40213A61010001E319 /* Debug */,
				4B6C4C41213A61010001E319 /* Release */,
			);
			defaultConfigurationIsVisible = 0;
			defaultConfigurationName = Release;
		};
		4B6C4C42213A61010001E319 /* Build configuration list for PBXNativeTarget "NativeScanDemoTests" */ = {
			isa = XCConfigurationList;
			buildConfigurations = (
				4B6C4C43213A61010001E319 /* Debug */,
				4B6C4C44213A61010001E319 /* Release */,
			);
			defaultConfigurationIsVisible = 0;
			defaultConfigurationName = Release;
		};
		4B6C4C45213A61010001E319 /* Build configuration list for PBXNativeTarget "NativeScanDemoUITests" */ = {
			isa = XCConfigurationList;
			buildConfigurations = (
				4B6C4C46213A61010001E319 /* Debug */,
				4B6C4C47213A61010001E319 /* Release */,
			);
			defaultConfigurationIsVisible = 0;
			defaultConfigurationName = Release;
		};
/* End XCConfigurationList section */
	};
	rootObject = 4B6C4C0F213A60FF0001E319 /* Project object */;
}
